// !$*UTF8*$!
{
	archiveVersion = 1;
	classes = {
	};
	objectVersion = 56;
	objects = {

/* Begin PBXBuildFile section */
		1D3454CC2BB5264100763BE8 /* EmpleadosMCApp.swift in Sources */ = {isa = PBXBuildFile; fileRef = 1D3454CB2BB5264100763BE8 /* EmpleadosMCApp.swift */; };
		1D3454CE2BB5264100763BE8 /* ContentView.swift in Sources */ = {isa = PBXBuildFile; fileRef = 1D3454CD2BB5264100763BE8 /* ContentView.swift */; };
		1D3454D02BB5264300763BE8 /* Assets.xcassets in Resources */ = {isa = PBXBuildFile; fileRef = 1D3454CF2BB5264300763BE8 /* Assets.xcassets */; };
		1D3454D32BB5264300763BE8 /* Preview Assets.xcassets in Resources */ = {isa = PBXBuildFile; fileRef = 1D3454D22BB5264300763BE8 /* Preview Assets.xcassets */; };
		1D3454DC2BB52A9600763BE8 /* EmployeesDemo.json in Resources */ = {isa = PBXBuildFile; fileRef = 1D3454DB2BB52A9600763BE8 /* EmployeesDemo.json */; };
		1D3454DE2BB52B4F00763BE8 /* EmployeesDemoTest.json in Resources */ = {isa = PBXBuildFile; fileRef = 1D3454DD2BB52B4F00763BE8 /* EmployeesDemoTest.json */; };
		1D3454E82BB52C8B00763BE8 /* Employee.swift in Sources */ = {isa = PBXBuildFile; fileRef = 1D3454E72BB52C8B00763BE8 /* Employee.swift */; };
		1D3454EA2BB52DB000763BE8 /* Gender.swift in Sources */ = {isa = PBXBuildFile; fileRef = 1D3454E92BB52DB000763BE8 /* Gender.swift */; };
		1D3454EC2BB52E4000763BE8 /* Department.swift in Sources */ = {isa = PBXBuildFile; fileRef = 1D3454EB2BB52E4000763BE8 /* Department.swift */; };
		1D3454EE2BB52F3600763BE8 /* PersistenceInterator.swift in Sources */ = {isa = PBXBuildFile; fileRef = 1D3454ED2BB52F3600763BE8 /* PersistenceInterator.swift */; };
		1D3454F02BB531EC00763BE8 /* PersistencePreview.swift in Sources */ = {isa = PBXBuildFile; fileRef = 1D3454EF2BB531EC00763BE8 /* PersistencePreview.swift */; };
		1D3454F22BB532B600763BE8 /* EmployeeLogic.swift in Sources */ = {isa = PBXBuildFile; fileRef = 1D3454F12BB532B600763BE8 /* EmployeeLogic.swift */; };
		1D3454F42BB5367300763BE8 /* GestionViewModel.swift in Sources */ = {isa = PBXBuildFile; fileRef = 1D3454F32BB5367300763BE8 /* GestionViewModel.swift */; };
		1D3454F62BB53A3200763BE8 /* EmployeeCell.swift in Sources */ = {isa = PBXBuildFile; fileRef = 1D3454F52BB53A3200763BE8 /* EmployeeCell.swift */; };
		1D3454F82BB53F8C00763BE8 /* DetailEmployee.swift in Sources */ = {isa = PBXBuildFile; fileRef = 1D3454F72BB53F8C00763BE8 /* DetailEmployee.swift */; };
/* End PBXBuildFile section */

/* Begin PBXFileReference section */
		1D3454C82BB5264100763BE8 /* EmpleadosMC.app */ = {isa = PBXFileReference; explicitFileType = wrapper.application; includeInIndex = 0; path = EmpleadosMC.app; sourceTree = BUILT_PRODUCTS_DIR; };
		1D3454CB2BB5264100763BE8 /* EmpleadosMCApp.swift */ = {isa = PBXFileReference; lastKnownFileType = sourcecode.swift; path = EmpleadosMCApp.swift; sourceTree = "<group>"; };
		1D3454CD2BB5264100763BE8 /* ContentView.swift */ = {isa = PBXFileReference; lastKnownFileType = sourcecode.swift; path = ContentView.swift; sourceTree = "<group>"; };
		1D3454CF2BB5264300763BE8 /* Assets.xcassets */ = {isa = PBXFileReference; lastKnownFileType = folder.assetcatalog; path = Assets.xcassets; sourceTree = "<group>"; };
		1D3454D22BB5264300763BE8 /* Preview Assets.xcassets */ = {isa = PBXFileReference; lastKnownFileType = folder.assetcatalog; path = "Preview Assets.xcassets"; sourceTree = "<group>"; };
		1D3454DB2BB52A9600763BE8 /* EmployeesDemo.json */ = {isa = PBXFileReference; fileEncoding = 4; lastKnownFileType = text.json; path = EmployeesDemo.json; sourceTree = "<group>"; };
		1D3454DD2BB52B4F00763BE8 /* EmployeesDemoTest.json */ = {isa = PBXFileReference; fileEncoding = 4; lastKnownFileType = text.json; path = EmployeesDemoTest.json; sourceTree = "<group>"; };
		1D3454E72BB52C8B00763BE8 /* Employee.swift */ = {isa = PBXFileReference; lastKnownFileType = sourcecode.swift; path = Employee.swift; sourceTree = "<group>"; };
		1D3454E92BB52DB000763BE8 /* Gender.swift */ = {isa = PBXFileReference; lastKnownFileType = sourcecode.swift; path = Gender.swift; sourceTree = "<group>"; };
		1D3454EB2BB52E4000763BE8 /* Department.swift */ = {isa = PBXFileReference; lastKnownFileType = sourcecode.swift; path = Department.swift; sourceTree = "<group>"; };
		1D3454ED2BB52F3600763BE8 /* PersistenceInterator.swift */ = {isa = PBXFileReference; lastKnownFileType = sourcecode.swift; path = PersistenceInterator.swift; sourceTree = "<group>"; };
		1D3454EF2BB531EC00763BE8 /* PersistencePreview.swift */ = {isa = PBXFileReference; lastKnownFileType = sourcecode.swift; path = PersistencePreview.swift; sourceTree = "<group>"; };
		1D3454F12BB532B600763BE8 /* EmployeeLogic.swift */ = {isa = PBXFileReference; lastKnownFileType = sourcecode.swift; path = EmployeeLogic.swift; sourceTree = "<group>"; };
		1D3454F32BB5367300763BE8 /* GestionViewModel.swift */ = {isa = PBXFileReference; lastKnownFileType = sourcecode.swift; path = GestionViewModel.swift; sourceTree = "<group>"; };
		1D3454F52BB53A3200763BE8 /* EmployeeCell.swift */ = {isa = PBXFileReference; lastKnownFileType = sourcecode.swift; path = EmployeeCell.swift; sourceTree = "<group>"; };
		1D3454F72BB53F8C00763BE8 /* DetailEmployee.swift */ = {isa = PBXFileReference; lastKnownFileType = sourcecode.swift; path = DetailEmployee.swift; sourceTree = "<group>"; };
/* End PBXFileReference section */

/* Begin PBXFrameworksBuildPhase section */
		1D3454C52BB5264100763BE8 /* Frameworks */ = {
			isa = PBXFrameworksBuildPhase;
			buildActionMask = 2147483647;
			files = (
			);
			runOnlyForDeploymentPostprocessing = 0;
		};
/* End PBXFrameworksBuildPhase section */

/* Begin PBXGroup section */
		1D3454BF2BB5264100763BE8 = {
			isa = PBXGroup;
			children = (
				1D3454CA2BB5264100763BE8 /* EmpleadosMC */,
				1D3454C92BB5264100763BE8 /* Products */,
			);
			sourceTree = "<group>";
		};
		1D3454C92BB5264100763BE8 /* Products */ = {
			isa = PBXGroup;
			children = (
				1D3454C82BB5264100763BE8 /* EmpleadosMC.app */,
			);
			name = Products;
			sourceTree = "<group>";
		};
		1D3454CA2BB5264100763BE8 /* EmpleadosMC */ = {
			isa = PBXGroup;
			children = (
				1D3454CB2BB5264100763BE8 /* EmpleadosMCApp.swift */,
				1D3454E62BB52C5300763BE8 /* Views */,
				1D3454E52BB52C2300763BE8 /* ViewModel */,
				1D3454E32BB52C0200763BE8 /* ModelLogic */,
				1D3454E42BB52C0C00763BE8 /* Interactor */,
				1D3454D92BB5277400763BE8 /* Model */,
				1D3454DA2BB527A900763BE8 /* Resources */,
				1D3454D12BB5264300763BE8 /* Preview Content */,
			);
			path = EmpleadosMC;
			sourceTree = "<group>";
		};
		1D3454D12BB5264300763BE8 /* Preview Content */ = {
			isa = PBXGroup;
			children = (
				1D3454DD2BB52B4F00763BE8 /* EmployeesDemoTest.json */,
				1D3454D22BB5264300763BE8 /* Preview Assets.xcassets */,
				1D3454EF2BB531EC00763BE8 /* PersistencePreview.swift */,
			);
			path = "Preview Content";
			sourceTree = "<group>";
		};
		1D3454D92BB5277400763BE8 /* Model */ = {
			isa = PBXGroup;
			children = (
				1D3454E72BB52C8B00763BE8 /* Employee.swift */,
				1D3454E92BB52DB000763BE8 /* Gender.swift */,
				1D3454EB2BB52E4000763BE8 /* Department.swift */,
			);
			name = Model;
			sourceTree = "<group>";
		};
		1D3454DA2BB527A900763BE8 /* Resources */ = {
			isa = PBXGroup;
			children = (
				1D3454DB2BB52A9600763BE8 /* EmployeesDemo.json */,
				1D3454CF2BB5264300763BE8 /* Assets.xcassets */,
			);
			name = Resources;
			sourceTree = "<group>";
		};
		1D3454E32BB52C0200763BE8 /* ModelLogic */ = {
			isa = PBXGroup;
			children = (
				1D3454F12BB532B600763BE8 /* EmployeeLogic.swift */,
			);
			name = ModelLogic;
			sourceTree = "<group>";
		};
		1D3454E42BB52C0C00763BE8 /* Interactor */ = {
			isa = PBXGroup;
			children = (
				1D3454ED2BB52F3600763BE8 /* PersistenceInterator.swift */,
			);
			name = Interactor;
			sourceTree = "<group>";
		};
		1D3454E52BB52C2300763BE8 /* ViewModel */ = {
			isa = PBXGroup;
			children = (
				1D3454F32BB5367300763BE8 /* GestionViewModel.swift */,
			);
			name = ViewModel;
			sourceTree = "<group>";
		};
		1D3454E62BB52C5300763BE8 /* Views */ = {
			isa = PBXGroup;
			children = (
				1D3454CD2BB5264100763BE8 /* ContentView.swift */,
				1D3454F52BB53A3200763BE8 /* EmployeeCell.swift */,
				1D3454F72BB53F8C00763BE8 /* DetailEmployee.swift */,
			);
			name = Views;
			sourceTree = "<group>";
		};
/* End PBXGroup section */

/* Begin PBXNativeTarget section */
		1D3454C72BB5264100763BE8 /* EmpleadosMC */ = {
			isa = PBXNativeTarget;
			buildConfigurationList = 1D3454D62BB5264300763BE8 /* Build configuration list for PBXNativeTarget "EmpleadosMC" */;
			buildPhases = (
				1D3454C42BB5264100763BE8 /* Sources */,
				1D3454C52BB5264100763BE8 /* Frameworks */,
				1D3454C62BB5264100763BE8 /* Resources */,
			);
			buildRules = (
			);
			dependencies = (
			);
			name = EmpleadosMC;
			productName = EmpleadosMC;
			productReference = 1D3454C82BB5264100763BE8 /* EmpleadosMC.app */;
			productType = "com.apple.product-type.application";
		};
/* End PBXNativeTarget section */

/* Begin PBXProject section */
		1D3454C02BB5264100763BE8 /* Project object */ = {
			isa = PBXProject;
			attributes = {
				BuildIndependentTargetsInParallel = 1;
				LastSwiftUpdateCheck = 1520;
				LastUpgradeCheck = 1520;
				TargetAttributes = {
					1D3454C72BB5264100763BE8 = {
						CreatedOnToolsVersion = 15.2;
					};
				};
			};
			buildConfigurationList = 1D3454C32BB5264100763BE8 /* Build configuration list for PBXProject "EmpleadosMC" */;
			compatibilityVersion = "Xcode 14.0";
			developmentRegion = en;
			hasScannedForEncodings = 0;
			knownRegions = (
				en,
				Base,
			);
			mainGroup = 1D3454BF2BB5264100763BE8;
			productRefGroup = 1D3454C92BB5264100763BE8 /* Products */;
			projectDirPath = "";
			projectRoot = "";
			targets = (
				1D3454C72BB5264100763BE8 /* EmpleadosMC */,
			);
		};
/* End PBXProject section */

/* Begin PBXResourcesBuildPhase section */
		1D3454C62BB5264100763BE8 /* Resources */ = {
			isa = PBXResourcesBuildPhase;
			buildActionMask = 2147483647;
			files = (
				1D3454D32BB5264300763BE8 /* Preview Assets.xcassets in Resources */,
				1D3454D02BB5264300763BE8 /* Assets.xcassets in Resources */,
				1D3454DE2BB52B4F00763BE8 /* EmployeesDemoTest.json in Resources */,
				1D3454DC2BB52A9600763BE8 /* EmployeesDemo.json in Resources */,
			);
			runOnlyForDeploymentPostprocessing = 0;
		};
/* End PBXResourcesBuildPhase section */

/* Begin PBXSourcesBuildPhase section */
		1D3454C42BB5264100763BE8 /* Sources */ = {
			isa = PBXSourcesBuildPhase;
			buildActionMask = 2147483647;
			files = (
				1D3454EA2BB52DB000763BE8 /* Gender.swift in Sources */,
				1D3454F42BB5367300763BE8 /* GestionViewModel.swift in Sources */,
				1D3454CE2BB5264100763BE8 /* ContentView.swift in Sources */,
				1D3454EC2BB52E4000763BE8 /* Department.swift in Sources */,
				1D3454E82BB52C8B00763BE8 /* Employee.swift in Sources */,
				1D3454F22BB532B600763BE8 /* EmployeeLogic.swift in Sources */,
				1D3454CC2BB5264100763BE8 /* EmpleadosMCApp.swift in Sources */,
				1D3454EE2BB52F3600763BE8 /* PersistenceInterator.swift in Sources */,
				1D3454F02BB531EC00763BE8 /* PersistencePreview.swift in Sources */,
				1D3454F62BB53A3200763BE8 /* EmployeeCell.swift in Sources */,
				1D3454F82BB53F8C00763BE8 /* DetailEmployee.swift in Sources */,
			);
			runOnlyForDeploymentPostprocessing = 0;
		};
/* End PBXSourcesBuildPhase section */

/* Begin XCBuildConfiguration section */
		1D3454D42BB5264300763BE8 /* Debug */ = {
			isa = XCBuildConfiguration;
			buildSettings = {
				ALWAYS_SEARCH_USER_PATHS = NO;
				ASSETCATALOG_COMPILER_GENERATE_SWIFT_ASSET_SYMBOL_EXTENSIONS = YES;
				CLANG_ANALYZER_NONNULL = YES;
				CLANG_ANALYZER_NUMBER_OBJECT_CONVERSION = YES_AGGRESSIVE;
				CLANG_CXX_LANGUAGE_STANDARD = "gnu++20";
				CLANG_ENABLE_MODULES = YES;
				CLANG_ENABLE_OBJC_ARC = YES;
				CLANG_ENABLE_OBJC_WEAK = YES;
				CLANG_WARN_BLOCK_CAPTURE_AUTORELEASING = YES;
				CLANG_WARN_BOOL_CONVERSION = YES;
				CLANG_WARN_COMMA = YES;
				CLANG_WARN_CONSTANT_CONVERSION = YES;
				CLANG_WARN_DEPRECATED_OBJC_IMPLEMENTATIONS = YES;
				CLANG_WARN_DIRECT_OBJC_ISA_USAGE = YES_ERROR;
				CLANG_WARN_DOCUMENTATION_COMMENTS = YES;
				CLANG_WARN_EMPTY_BODY = YES;
				CLANG_WARN_ENUM_CONVERSION = YES;
				CLANG_WARN_INFINITE_RECURSION = YES;
				CLANG_WARN_INT_CONVERSION = YES;
				CLANG_WARN_NON_LITERAL_NULL_CONVERSION = YES;
				CLANG_WARN_OBJC_IMPLICIT_RETAIN_SELF = YES;
				CLANG_WARN_OBJC_LITERAL_CONVERSION = YES;
				CLANG_WARN_OBJC_ROOT_CLASS = YES_ERROR;
				CLANG_WARN_QUOTED_INCLUDE_IN_FRAMEWORK_HEADER = YES;
				CLANG_WARN_RANGE_LOOP_ANALYSIS = YES;
				CLANG_WARN_STRICT_PROTOTYPES = YES;
				CLANG_WARN_SUSPICIOUS_MOVE = YES;
				CLANG_WARN_UNGUARDED_AVAILABILITY = YES_AGGRESSIVE;
				CLANG_WARN_UNREACHABLE_CODE = YES;
				CLANG_WARN__DUPLICATE_METHOD_MATCH = YES;
				COPY_PHASE_STRIP = NO;
				DEBUG_INFORMATION_FORMAT = dwarf;
				ENABLE_STRICT_OBJC_MSGSEND = YES;
				ENABLE_TESTABILITY = YES;
				ENABLE_USER_SCRIPT_SANDBOXING = YES;
				GCC_C_LANGUAGE_STANDARD = gnu17;
				GCC_DYNAMIC_NO_PIC = NO;
				GCC_NO_COMMON_BLOCKS = YES;
				GCC_OPTIMIZATION_LEVEL = 0;
				GCC_PREPROCESSOR_DEFINITIONS = (
					"DEBUG=1",
					"$(inherited)",
				);
				GCC_WARN_64_TO_32_BIT_CONVERSION = YES;
				GCC_WARN_ABOUT_RETURN_TYPE = YES_ERROR;
				GCC_WARN_UNDECLARED_SELECTOR = YES;
				GCC_WARN_UNINITIALIZED_AUTOS = YES_AGGRESSIVE;
				GCC_WARN_UNUSED_FUNCTION = YES;
				GCC_WARN_UNUSED_VARIABLE = YES;
				IPHONEOS_DEPLOYMENT_TARGET = 17.2;
				LOCALIZATION_PREFERS_STRING_CATALOGS = YES;
				MTL_ENABLE_DEBUG_INFO = INCLUDE_SOURCE;
				MTL_FAST_MATH = YES;
				ONLY_ACTIVE_ARCH = YES;
				SDKROOT = iphoneos;
				SWIFT_ACTIVE_COMPILATION_CONDITIONS = "DEBUG $(inherited)";
				SWIFT_OPTIMIZATION_LEVEL = "-Onone";
			};
			name = Debug;
		};
		1D3454D52BB5264300763BE8 /* Release */ = {
			isa = XCBuildConfiguration;
			buildSettings = {
				ALWAYS_SEARCH_USER_PATHS = NO;
				ASSETCATALOG_COMPILER_GENERATE_SWIFT_ASSET_SYMBOL_EXTENSIONS = YES;
				CLANG_ANALYZER_NONNULL = YES;
				CLANG_ANALYZER_NUMBER_OBJECT_CONVERSION = YES_AGGRESSIVE;
				CLANG_CXX_LANGUAGE_STANDARD = "gnu++20";
				CLANG_ENABLE_MODULES = YES;
				CLANG_ENABLE_OBJC_ARC = YES;
				CLANG_ENABLE_OBJC_WEAK = YES;
				CLANG_WARN_BLOCK_CAPTURE_AUTORELEASING = YES;
				CLANG_WARN_BOOL_CONVERSION = YES;
				CLANG_WARN_COMMA = YES;
				CLANG_WARN_CONSTANT_CONVERSION = YES;
				CLANG_WARN_DEPRECATED_OBJC_IMPLEMENTATIONS = YES;
				CLANG_WARN_DIRECT_OBJC_ISA_USAGE = YES_ERROR;
				CLANG_WARN_DOCUMENTATION_COMMENTS = YES;
				CLANG_WARN_EMPTY_BODY = YES;
				CLANG_WARN_ENUM_CONVERSION = YES;
				CLANG_WARN_INFINITE_RECURSION = YES;
				CLANG_WARN_INT_CONVERSION = YES;
				CLANG_WARN_NON_LITERAL_NULL_CONVERSION = YES;
				CLANG_WARN_OBJC_IMPLICIT_RETAIN_SELF = YES;
				CLANG_WARN_OBJC_LITERAL_CONVERSION = YES;
				CLANG_WARN_OBJC_ROOT_CLASS = YES_ERROR;
				CLANG_WARN_QUOTED_INCLUDE_IN_FRAMEWORK_HEADER = YES;
				CLANG_WARN_RANGE_LOOP_ANALYSIS = YES;
				CLANG_WARN_STRICT_PROTOTYPES = YES;
				CLANG_WARN_SUSPICIOUS_MOVE = YES;
				CLANG_WARN_UNGUARDED_AVAILABILITY = YES_AGGRESSIVE;
				CLANG_WARN_UNREACHABLE_CODE = YES;
				CLANG_WARN__DUPLICATE_METHOD_MATCH = YES;
				COPY_PHASE_STRIP = NO;
				DEBUG_INFORMATION_FORMAT = "dwarf-with-dsym";
				ENABLE_NS_ASSERTIONS = NO;
				ENABLE_STRICT_OBJC_MSGSEND = YES;
				ENABLE_USER_SCRIPT_SANDBOXING = YES;
				GCC_C_LANGUAGE_STANDARD = gnu17;
				GCC_NO_COMMON_BLOCKS = YES;
				GCC_WARN_64_TO_32_BIT_CONVERSION = YES;
				GCC_WARN_ABOUT_RETURN_TYPE = YES_ERROR;
				GCC_WARN_UNDECLARED_SELECTOR = YES;
				GCC_WARN_UNINITIALIZED_AUTOS = YES_AGGRESSIVE;
				GCC_WARN_UNUSED_FUNCTION = YES;
				GCC_WARN_UNUSED_VARIABLE = YES;
				IPHONEOS_DEPLOYMENT_TARGET = 17.2;
				LOCALIZATION_PREFERS_STRING_CATALOGS = YES;
				MTL_ENABLE_DEBUG_INFO = NO;
				MTL_FAST_MATH = YES;
				SDKROOT = iphoneos;
				SWIFT_COMPILATION_MODE = wholemodule;
				VALIDATE_PRODUCT = YES;
			};
			name = Release;
		};
		1D3454D72BB5264300763BE8 /* Debug */ = {
			isa = XCBuildConfiguration;
			buildSettings = {
				ASSETCATALOG_COMPILER_APPICON_NAME = AppIcon;
				ASSETCATALOG_COMPILER_GLOBAL_ACCENT_COLOR_NAME = AccentColor;
				CODE_SIGN_STYLE = Automatic;
				CURRENT_PROJECT_VERSION = 1;
				DEVELOPMENT_ASSET_PATHS = "\"EmpleadosMC/Preview Content\"";
				DEVELOPMENT_TEAM = 67ZWJU5NNH;
				ENABLE_PREVIEWS = YES;
				GENERATE_INFOPLIST_FILE = YES;
				INFOPLIST_KEY_UIApplicationSceneManifest_Generation = YES;
				INFOPLIST_KEY_UIApplicationSupportsIndirectInputEvents = YES;
				INFOPLIST_KEY_UILaunchScreen_Generation = YES;
				INFOPLIST_KEY_UISupportedInterfaceOrientations_iPad = "UIInterfaceOrientationPortrait UIInterfaceOrientationPortraitUpsideDown UIInterfaceOrientationLandscapeLeft UIInterfaceOrientationLandscapeRight";
				INFOPLIST_KEY_UISupportedInterfaceOrientations_iPhone = "UIInterfaceOrientationPortrait UIInterfaceOrientationLandscapeLeft UIInterfaceOrientationLandscapeRight";
				LD_RUNPATH_SEARCH_PATHS = (
					"$(inherited)",
					"@executable_path/Frameworks",
				);
				MARKETING_VERSION = 1.0;
				PRODUCT_BUNDLE_IDENTIFIER = KraigCorp.EmpleadosMC;
				PRODUCT_NAME = "$(TARGET_NAME)";
				SWIFT_EMIT_LOC_STRINGS = YES;
				SWIFT_VERSION = 5.0;
				TARGETED_DEVICE_FAMILY = "1,2";
			};
			name = Debug;
		};
		1D3454D82BB5264300763BE8 /* Release */ = {
			isa = XCBuildConfiguration;
			buildSettings = {
				ASSETCATALOG_COMPILER_APPICON_NAME = AppIcon;
				ASSETCATALOG_COMPILER_GLOBAL_ACCENT_COLOR_NAME = AccentColor;
				CODE_SIGN_STYLE = Automatic;
				CURRENT_PROJECT_VERSION = 1;
				DEVELOPMENT_ASSET_PATHS = "\"EmpleadosMC/Preview Content\"";
				DEVELOPMENT_TEAM = 67ZWJU5NNH;
				ENABLE_PREVIEWS = YES;
				GENERATE_INFOPLIST_FILE = YES;
				INFOPLIST_KEY_UIApplicationSceneManifest_Generation = YES;
				INFOPLIST_KEY_UIApplicationSupportsIndirectInputEvents = YES;
				INFOPLIST_KEY_UILaunchScreen_Generation = YES;
				INFOPLIST_KEY_UISupportedInterfaceOrientations_iPad = "UIInterfaceOrientationPortrait UIInterfaceOrientationPortraitUpsideDown UIInterfaceOrientationLandscapeLeft UIInterfaceOrientationLandscapeRight";
				INFOPLIST_KEY_UISupportedInterfaceOrientations_iPhone = "UIInterfaceOrientationPortrait UIInterfaceOrientationLandscapeLeft UIInterfaceOrientationLandscapeRight";
				LD_RUNPATH_SEARCH_PATHS = (
					"$(inherited)",
					"@executable_path/Frameworks",
				);
				MARKETING_VERSION = 1.0;
				PRODUCT_BUNDLE_IDENTIFIER = KraigCorp.EmpleadosMC;
				PRODUCT_NAME = "$(TARGET_NAME)";
				SWIFT_EMIT_LOC_STRINGS = YES;
				SWIFT_VERSION = 5.0;
				TARGETED_DEVICE_FAMILY = "1,2";
			};
			name = Release;
		};
/* End XCBuildConfiguration section */

/* Begin XCConfigurationList section */
		1D3454C32BB5264100763BE8 /* Build configuration list for PBXProject "EmpleadosMC" */ = {
			isa = XCConfigurationList;
			buildConfigurations = (
				1D3454D42BB5264300763BE8 /* Debug */,
				1D3454D52BB5264300763BE8 /* Release */,
			);
			defaultConfigurationIsVisible = 0;
			defaultConfigurationName = Release;
		};
		1D3454D62BB5264300763BE8 /* Build configuration list for PBXNativeTarget "EmpleadosMC" */ = {
			isa = XCConfigurationList;
			buildConfigurations = (
				1D3454D72BB5264300763BE8 /* Debug */,
				1D3454D82BB5264300763BE8 /* Release */,
			);
			defaultConfigurationIsVisible = 0;
			defaultConfigurationName = Release;
		};
/* End XCConfigurationList section */
	};
	rootObject = 1D3454C02BB5264100763BE8 /* Project object */;
}
